
Microsoft Visual Studio Solution File, Format Version 12.00
Project("{FAE04EC0-301F-11D3-BF4B-00C04F79EFBC}") = "CountingBot", "CountingBot\CountingBot.csproj", "{324468E3-832F-462B-BE28-18192D44B98E}"
EndProject
Project("{FAE04EC0-301F-11D3-BF4B-00C04F79EFBC}") = "SlashCommands", "SlashCommands\SlashCommands.csproj", "{F6CE4E71-5138-4353-907F-6A5CADCA9EE3}"
EndProject
Project("{FAE04EC0-301F-11D3-BF4B-00C04F79EFBC}") = "Helper", "Helper\Helper.csproj", "{199A1BC8-5D65-4DF7-96B2-B085D4CDEB93}"
EndProject
Global
	GlobalSection(SolutionConfigurationPlatforms) = preSolution
		Debug|Any CPU = Debug|Any CPU
		Release|Any CPU = Release|Any CPU
	EndGlobalSection
	GlobalSection(ProjectConfigurationPlatforms) = postSolution
		{324468E3-832F-462B-BE28-18192D44B98E}.Debug|Any CPU.ActiveCfg = Debug|Any CPU
		{324468E3-832F-462B-BE28-18192D44B98E}.Debug|Any CPU.Build.0 = Debug|Any CPU
		{324468E3-832F-462B-BE28-18192D44B98E}.Release|Any CPU.ActiveCfg = Release|Any CPU
		{324468E3-832F-462B-BE28-18192D44B98E}.Release|Any CPU.Build.0 = Release|Any CPU
		{F6CE4E71-5138-4353-907F-6A5CADCA9EE3}.Debug|Any CPU.ActiveCfg = Debug|Any CPU
		{F6CE4E71-5138-4353-907F-6A5CADCA9EE3}.Debug|Any CPU.Build.0 = Debug|Any CPU
		{F6CE4E71-5138-4353-907F-6A5CADCA9EE3}.Release|Any CPU.ActiveCfg = Release|Any CPU
		{F6CE4E71-5138-4353-907F-6A5CADCA9EE3}.Release|Any CPU.Build.0 = Release|Any CPU
		{199A1BC8-5D65-4DF7-96B2-B085D4CDEB93}.Debug|Any CPU.ActiveCfg = Debug|Any CPU
		{199A1BC8-5D65-4DF7-96B2-B085D4CDEB93}.Debug|Any CPU.Build.0 = Debug|Any CPU
		{199A1BC8-5D65-4DF7-96B2-B085D4CDEB93}.Release|Any CPU.ActiveCfg = Release|Any CPU
		{199A1BC8-5D65-4DF7-96B2-B085D4CDEB93}.Release|Any CPU.Build.0 = Release|Any CPU
	EndGlobalSection
EndGlobal
